
Microsoft Visual Studio Solution File, Format Version 12.00
# Visual Studio 15
VisualStudioVersion = 15.0.27428.2002
MinimumVisualStudioVersion = 10.0.40219.1
Project("{FAE04EC0-301F-11D3-BF4B-00C04F79EFBC}") = "LogicReinc", "LogicReinc\LogicReinc.csproj", "{DA5780CD-8E7C-4DFB-947C-9D2BD1DB71B7}"
EndProject
Project("{FAE04EC0-301F-11D3-BF4B-00C04F79EFBC}") = "LogicReinc.Tests", "LogicReinc.Tests\LogicReinc.Tests.csproj", "{95FC4D64-221F-40AD-BCA5-47D0B878FFC8}"
EndProject
Global
	GlobalSection(SolutionConfigurationPlatforms) = preSolution
		Debug|Any CPU = Debug|Any CPU
		Release|Any CPU = Release|Any CPU
	EndGlobalSection
	GlobalSection(ProjectConfigurationPlatforms) = postSolution
		{DA5780CD-8E7C-4DFB-947C-9D2BD1DB71B7}.Debug|Any CPU.ActiveCfg = Debug|Any CPU
		{DA5780CD-8E7C-4DFB-947C-9D2BD1DB71B7}.Debug|Any CPU.Build.0 = Debug|Any CPU
		{DA5780CD-8E7C-4DFB-947C-9D2BD1DB71B7}.Release|Any CPU.ActiveCfg = Release|Any CPU
		{DA5780CD-8E7C-4DFB-947C-9D2BD1DB71B7}.Release|Any CPU.Build.0 = Release|Any CPU
		{95FC4D64-221F-40AD-BCA5-47D0B878FFC8}.Debug|Any CPU.ActiveCfg = Debug|Any CPU
		{95FC4D64-221F-40AD-BCA5-47D0B878FFC8}.Debug|Any CPU.Build.0 = Debug|Any CPU
		{95FC4D64-221F-40AD-BCA5-47D0B878FFC8}.Release|Any CPU.ActiveCfg = Release|Any CPU
		{95FC4D64-221F-40AD-BCA5-47D0B878FFC8}.Release|Any CPU.Build.0 = Release|Any CPU
	EndGlobalSection
	GlobalSection(SolutionProperties) = preSolution
		HideSolutionNode = FALSE
	EndGlobalSection
	GlobalSection(ExtensibilityGlobals) = postSolution
		SolutionGuid = {CE9FEE94-3C70-4E88-AD7D-BF9BC9C99D79}
	EndGlobalSection
EndGlobal
